
Microsoft Visual Studio Solution File, Format Version 12.00
# Visual Studio 2017
Project("{FAE04EC0-301F-11D3-BF4B-00C04F79EFBC}") = "PCG Buildings", "PCG Buildings.csproj", "{490D04F3-98C9-64B7-12A6-8FDE4076FD27}"
EndProject
Global
	GlobalSection(SolutionConfigurationPlatforms) = preSolution
		Debug|Any CPU = Debug|Any CPU
		Release|Any CPU = Release|Any CPU
	EndGlobalSection
	GlobalSection(ProjectConfigurationPlatforms) = postSolution
		{490D04F3-98C9-64B7-12A6-8FDE4076FD27}.Debug|Any CPU.ActiveCfg = Debug|Any CPU
		{490D04F3-98C9-64B7-12A6-8FDE4076FD27}.Debug|Any CPU.Build.0 = Debug|Any CPU
		{490D04F3-98C9-64B7-12A6-8FDE4076FD27}.Release|Any CPU.ActiveCfg = Release|Any CPU
		{490D04F3-98C9-64B7-12A6-8FDE4076FD27}.Release|Any CPU.Build.0 = Release|Any CPU
	EndGlobalSection
	GlobalSection(SolutionProperties) = preSolution
		HideSolutionNode = FALSE
	EndGlobalSection
EndGlobal
